
Microsoft Visual Studio Solution File, Format Version 12.00
# Visual Studio Version 16
VisualStudioVersion = 16.0.31410.357
MinimumVisualStudioVersion = 10.0.40219.1
Project("{2150E333-8FDC-42A3-9474-1A3956D46DE8}") = "sources", "sources", "{39FC87FE-AABB-4285-AEDE-92C45C2EB77D}"
EndProject
Project("{9A19103F-16F7-4668-BE54-9A1E7A4F7556}") = "FFmpegSharp", "sources\FFmpegSharp\FFmpegSharp.csproj", "{AAF523C0-0BAC-47FA-B490-51C4547D55FC}"
EndProject
Project("{2150E333-8FDC-42A3-9474-1A3956D46DE8}") = "tests", "tests", "{267891C3-BA27-4D4B-8905-8AF9CD7AE981}"
EndProject
Project("{FAE04EC0-301F-11D3-BF4B-00C04F79EFBC}") = "FFmpegSharp.UnitTests", "tests\FFmpegSharp.UnitTests\FFmpegSharp.UnitTests.csproj", "{A31210FD-7E75-45B2-AB6B-9E0C981EBC50}"
EndProject
Project("{FAE04EC0-301F-11D3-BF4B-00C04F79EFBC}") = "FFplaySharp", "samples\FFplaySharp\FFplaySharp.csproj", "{33DDB0C1-ABE7-460A-9935-3EED30A9E4D8}"
EndProject
Project("{2150E333-8FDC-42A3-9474-1A3956D46DE8}") = "samples", "samples", "{6DA76A17-0BCB-41D6-AF5B-4501E3E35BCC}"
EndProject
Project("{2150E333-8FDC-42A3-9474-1A3956D46DE8}") = "Solution Items", "Solution Items", "{64D0A5D2-9CAA-4496-9E49-13C64C9039ED}"
	ProjectSection(SolutionItems) = preProject
		generation\avcodec.rsp = generation\avcodec.rsp
		generation\avdevice.rsp = generation\avdevice.rsp
		generation\avfilter.rsp = generation\avfilter.rsp
		generation\avformat.rsp = generation\avformat.rsp
		generation\avutil.rsp = generation\avutil.rsp
		generation\swresample.rsp = generation\swresample.rsp
		generation\swscale.rsp = generation\swscale.rsp
	EndProjectSection
EndProject
Global
	GlobalSection(SolutionConfigurationPlatforms) = preSolution
		Debug|x64 = Debug|x64
		Debug|x86 = Debug|x86
		Release|x64 = Release|x64
		Release|x86 = Release|x86
	EndGlobalSection
	GlobalSection(ProjectConfigurationPlatforms) = postSolution
		{AAF523C0-0BAC-47FA-B490-51C4547D55FC}.Debug|x64.ActiveCfg = Debug|x64
		{AAF523C0-0BAC-47FA-B490-51C4547D55FC}.Debug|x64.Build.0 = Debug|x64
		{AAF523C0-0BAC-47FA-B490-51C4547D55FC}.Debug|x86.ActiveCfg = Debug|x86
		{AAF523C0-0BAC-47FA-B490-51C4547D55FC}.Debug|x86.Build.0 = Debug|x86
		{AAF523C0-0BAC-47FA-B490-51C4547D55FC}.Release|x64.ActiveCfg = Release|x64
		{AAF523C0-0BAC-47FA-B490-51C4547D55FC}.Release|x64.Build.0 = Release|x64
		{AAF523C0-0BAC-47FA-B490-51C4547D55FC}.Release|x86.ActiveCfg = Release|x86
		{AAF523C0-0BAC-47FA-B490-51C4547D55FC}.Release|x86.Build.0 = Release|x86
		{A31210FD-7E75-45B2-AB6B-9E0C981EBC50}.Debug|x64.ActiveCfg = Debug|x64
		{A31210FD-7E75-45B2-AB6B-9E0C981EBC50}.Debug|x64.Build.0 = Debug|x64
		{A31210FD-7E75-45B2-AB6B-9E0C981EBC50}.Debug|x86.ActiveCfg = Debug|x86
		{A31210FD-7E75-45B2-AB6B-9E0C981EBC50}.Debug|x86.Build.0 = Debug|x86
		{A31210FD-7E75-45B2-AB6B-9E0C981EBC50}.Release|x64.ActiveCfg = Release|x64
		{A31210FD-7E75-45B2-AB6B-9E0C981EBC50}.Release|x64.Build.0 = Release|x64
		{A31210FD-7E75-45B2-AB6B-9E0C981EBC50}.Release|x86.ActiveCfg = Release|x86
		{A31210FD-7E75-45B2-AB6B-9E0C981EBC50}.Release|x86.Build.0 = Release|x86
		{33DDB0C1-ABE7-460A-9935-3EED30A9E4D8}.Debug|x64.ActiveCfg = Debug|x64
		{33DDB0C1-ABE7-460A-9935-3EED30A9E4D8}.Debug|x64.Build.0 = Debug|x64
		{33DDB0C1-ABE7-460A-9935-3EED30A9E4D8}.Debug|x86.ActiveCfg = Debug|x86
		{33DDB0C1-ABE7-460A-9935-3EED30A9E4D8}.Debug|x86.Build.0 = Debug|x86
		{33DDB0C1-ABE7-460A-9935-3EED30A9E4D8}.Release|x64.ActiveCfg = Release|x64
		{33DDB0C1-ABE7-460A-9935-3EED30A9E4D8}.Release|x64.Build.0 = Release|x64
		{33DDB0C1-ABE7-460A-9935-3EED30A9E4D8}.Release|x86.ActiveCfg = Release|x86
		{33DDB0C1-ABE7-460A-9935-3EED30A9E4D8}.Release|x86.Build.0 = Release|x86
	EndGlobalSection
	GlobalSection(SolutionProperties) = preSolution
		HideSolutionNode = FALSE
	EndGlobalSection
	GlobalSection(NestedProjects) = preSolution
		{AAF523C0-0BAC-47FA-B490-51C4547D55FC} = {39FC87FE-AABB-4285-AEDE-92C45C2EB77D}
		{A31210FD-7E75-45B2-AB6B-9E0C981EBC50} = {267891C3-BA27-4D4B-8905-8AF9CD7AE981}
		{33DDB0C1-ABE7-460A-9935-3EED30A9E4D8} = {6DA76A17-0BCB-41D6-AF5B-4501E3E35BCC}
	EndGlobalSection
	GlobalSection(ExtensibilityGlobals) = postSolution
		SolutionGuid = {2DE946DB-0256-49EC-A290-9C2E96A609D9}
	EndGlobalSection
EndGlobal
