
Microsoft Visual Studio Solution File, Format Version 12.00
# Visual Studio Version 17
VisualStudioVersion = 17.1.32319.34
MinimumVisualStudioVersion = 10.0.40219.1
Project("{2150E333-8FDC-42A3-9474-1A3956D46DE8}") = "sources", "sources", "{39FC87FE-AABB-4285-AEDE-92C45C2EB77D}"
	ProjectSection(SolutionItems) = preProject
		sources\Directory.Build.props = sources\Directory.Build.props
		sources\Directory.Build.targets = sources\Directory.Build.targets
	EndProjectSection
EndProject
Project("{2150E333-8FDC-42A3-9474-1A3956D46DE8}") = "tests", "tests", "{267891C3-BA27-4D4B-8905-8AF9CD7AE981}"
	ProjectSection(SolutionItems) = preProject
		tests\Directory.Build.props = tests\Directory.Build.props
		tests\Directory.Build.targets = tests\Directory.Build.targets
	EndProjectSection
EndProject
Project("{2150E333-8FDC-42A3-9474-1A3956D46DE8}") = ".root", ".root", "{64D0A5D2-9CAA-4496-9E49-13C64C9039ED}"
	ProjectSection(SolutionItems) = preProject
		.editorconfig = .editorconfig
		build.cmd = build.cmd
		build.sh = build.sh
		Directory.Build.props = Directory.Build.props
		Directory.Build.targets = Directory.Build.targets
		generate.cmd = generate.cmd
		GitVersion.yml = GitVersion.yml
		LICENSE = LICENSE
		nuget.config = nuget.config
		pack.cmd = pack.cmd
		pack.sh = pack.sh
		README.md = README.md
		restore.cmd = restore.cmd
		restore.sh = restore.sh
		test.cmd = test.cmd
		test.sh = test.sh
	EndProjectSection
EndProject
Project("{9A19103F-16F7-4668-BE54-9A1E7A4F7556}") = "FFmpegSharp.Interop", "sources\FFmpegSharp.Interop\FFmpegSharp.Interop.csproj", "{CBF2A3BB-13F0-433C-A7E0-1B005412ED9A}"
EndProject
Project("{9A19103F-16F7-4668-BE54-9A1E7A4F7556}") = "FFmpegSharp.Interop.UnitTests", "tests\FFmpegSharp.Interop.UnitTests\FFmpegSharp.Interop.UnitTests.csproj", "{FBD47572-3A0F-4CF8-8D3C-EACE1AEF59C7}"
EndProject
Project("{2150E333-8FDC-42A3-9474-1A3956D46DE8}") = "generation", "generation", "{93FE71AD-EF75-4A94-8A58-B7CF474332AC}"
	ProjectSection(SolutionItems) = preProject
		generation\header.txt = generation\header.txt
		generation\remap.rsp = generation\remap.rsp
		generation\settings.rsp = generation\settings.rsp
	EndProjectSection
EndProject
Project("{2150E333-8FDC-42A3-9474-1A3956D46DE8}") = ".github", ".github", "{4F1374E9-7C3A-4CD5-BB37-2699BDAB1811}"
EndProject
Project("{2150E333-8FDC-42A3-9474-1A3956D46DE8}") = "workflows", "workflows", "{85329D61-F0DF-4465-85E1-1BBFB86E6886}"
	ProjectSection(SolutionItems) = preProject
		.github\workflows\ci.yml = .github\workflows\ci.yml
	EndProjectSection
EndProject
Project("{2150E333-8FDC-42A3-9474-1A3956D46DE8}") = "scripts", "scripts", "{0BC86385-8630-4174-9911-81B469FF14B5}"
	ProjectSection(SolutionItems) = preProject
		scripts\build.ps1 = scripts\build.ps1
		scripts\build.sh = scripts\build.sh
		scripts\cibuild.cmd = scripts\cibuild.cmd
		scripts\cibuild.sh = scripts\cibuild.sh
	EndProjectSection
EndProject
Project("{2150E333-8FDC-42A3-9474-1A3956D46DE8}") = "avcodec", "avcodec", "{3CA3C571-25D2-4740-8953-D43A0B973876}"
	ProjectSection(SolutionItems) = preProject
		generation\avcodec\generate.ps1 = generation\avcodec\generate.ps1
		generation\avcodec\libavcodec.h = generation\avcodec\libavcodec.h
		generation\avcodec\settings.rsp = generation\avcodec\settings.rsp
	EndProjectSection
EndProject
Project("{2150E333-8FDC-42A3-9474-1A3956D46DE8}") = "avformat", "avformat", "{A6DBB12C-6208-46CB-9747-0D9DA7E9E2A0}"
	ProjectSection(SolutionItems) = preProject
		generation\avformat\generate.ps1 = generation\avformat\generate.ps1
		generation\avformat\libavformat.h = generation\avformat\libavformat.h
		generation\avformat\settings.rsp = generation\avformat\settings.rsp
	EndProjectSection
EndProject
Project("{2150E333-8FDC-42A3-9474-1A3956D46DE8}") = "avdevice", "avdevice", "{63F39A45-C966-4BD5-AA2A-8A958F02463C}"
	ProjectSection(SolutionItems) = preProject
		generation\avdevice\generate.ps1 = generation\avdevice\generate.ps1
		generation\avdevice\libavdevice.h = generation\avdevice\libavdevice.h
		generation\avdevice\settings.rsp = generation\avdevice\settings.rsp
	EndProjectSection
EndProject
Project("{2150E333-8FDC-42A3-9474-1A3956D46DE8}") = "avutil", "avutil", "{4CA3B6E3-88C5-4FFB-9972-4A43D3029BF3}"
	ProjectSection(SolutionItems) = preProject
		generation\avutil\generate.ps1 = generation\avutil\generate.ps1
		generation\avutil\libavutil.h = generation\avutil\libavutil.h
		generation\avutil\settings.rsp = generation\avutil\settings.rsp
	EndProjectSection
EndProject
Project("{2150E333-8FDC-42A3-9474-1A3956D46DE8}") = "avfilter", "avfilter", "{106E0E0E-D838-42CC-8CC6-B1167D2C802F}"
	ProjectSection(SolutionItems) = preProject
		generation\avfilter\generate.ps1 = generation\avfilter\generate.ps1
		generation\avfilter\libavfilter.h = generation\avfilter\libavfilter.h
		generation\avfilter\settings.rsp = generation\avfilter\settings.rsp
	EndProjectSection
EndProject
Project("{2150E333-8FDC-42A3-9474-1A3956D46DE8}") = "swresample", "swresample", "{9356F58C-9980-4AC2-837B-ABFB174CA940}"
	ProjectSection(SolutionItems) = preProject
		generation\swresample\generate.ps1 = generation\swresample\generate.ps1
		generation\swresample\libswresample.h = generation\swresample\libswresample.h
		generation\swresample\settings.rsp = generation\swresample\settings.rsp
	EndProjectSection
EndProject
Project("{2150E333-8FDC-42A3-9474-1A3956D46DE8}") = "swscale", "swscale", "{4C3ED5D1-F67B-401C-AC50-A5FE6BF80F1E}"
	ProjectSection(SolutionItems) = preProject
		generation\swscale\generate.ps1 = generation\swscale\generate.ps1
		generation\swscale\libswscale.h = generation\swscale\libswscale.h
		generation\swscale\settings.rsp = generation\swscale\settings.rsp
	EndProjectSection
EndProject
Project("{2150E333-8FDC-42A3-9474-1A3956D46DE8}") = "ucrt", "ucrt", "{6C9D3093-9457-4A8B-8C76-34AE259A8800}"
	ProjectSection(SolutionItems) = preProject
		generation\ucrt\generate.ps1 = generation\ucrt\generate.ps1
		generation\ucrt\settings.rsp = generation\ucrt\settings.rsp
	EndProjectSection
EndProject
Project("{2150E333-8FDC-42A3-9474-1A3956D46DE8}") = ".config", ".config", "{55700DA3-CD98-4327-8283-624ED2D3D8AE}"
	ProjectSection(SolutionItems) = preProject
		.config\dotnet-tools.json = .config\dotnet-tools.json
	EndProjectSection
EndProject
Project("{9A19103F-16F7-4668-BE54-9A1E7A4F7556}") = "FFmpegSharp", "sources\FFmpegSharp\FFmpegSharp.csproj", "{2945F278-2D26-43E6-89E6-768056FE6F88}"
EndProject
Project("{2150E333-8FDC-42A3-9474-1A3956D46DE8}") = "samples", "samples", "{C041BE4A-319C-4A4B-9DD7-91A59C7FCC16}"
	ProjectSection(SolutionItems) = preProject
		samples\Directory.Build.props = samples\Directory.Build.props
		samples\Directory.Build.targets = samples\Directory.Build.targets
	EndProjectSection
EndProject
Project("{9A19103F-16F7-4668-BE54-9A1E7A4F7556}") = "ListFormats", "samples\ListFormats\ListFormats.csproj", "{FFAF612B-A9FE-4F7D-858F-86861C7A8C45}"
EndProject
Project("{9A19103F-16F7-4668-BE54-9A1E7A4F7556}") = "ListMuxers", "samples\ListMuxers\ListMuxers.csproj", "{2FE0C5BA-14A6-4229-A9A6-F5C10FB39773}"
EndProject
Project("{9A19103F-16F7-4668-BE54-9A1E7A4F7556}") = "ListDemuxers", "samples\ListDemuxers\ListDemuxers.csproj", "{C559F0E5-481A-4D94-853C-2B88817847E6}"
EndProject
Project("{9A19103F-16F7-4668-BE54-9A1E7A4F7556}") = "ListDevices", "samples\ListDevices\ListDevices.csproj", "{8E2AD2EE-C90C-4E03-B560-F73EC9CD1FE8}"
EndProject
Project("{9A19103F-16F7-4668-BE54-9A1E7A4F7556}") = "ListCodecs", "samples\ListCodecs\ListCodecs.csproj", "{3D94F7EE-082B-4CD8-B374-DC390A4703BA}"
EndProject
Project("{9A19103F-16F7-4668-BE54-9A1E7A4F7556}") = "ListDecoders", "samples\ListDecoders\ListDecoders.csproj", "{03CC338A-7554-4526-9DD8-16C6CB8EB2CF}"
EndProject
Project("{9A19103F-16F7-4668-BE54-9A1E7A4F7556}") = "ListEncoders", "samples\ListEncoders\ListEncoders.csproj", "{90AA34DA-9EAC-4792-8F17-8E035E5004D1}"
EndProject
Project("{9A19103F-16F7-4668-BE54-9A1E7A4F7556}") = "ListBitStreamFilters", "samples\ListBitStreamFilters\ListBitStreamFilters.csproj", "{CED8CAD3-DD07-4548-AB69-A11458D4EB5F}"
EndProject
Project("{FAE04EC0-301F-11D3-BF4B-00C04F79EFBC}") = "ListProtocols", "samples\ListProtocols\ListProtocols.csproj", "{3F8E6576-8A7C-4DAE-A989-3230ADE90442}"
EndProject
Project("{FAE04EC0-301F-11D3-BF4B-00C04F79EFBC}") = "ListFilters", "samples\ListFilters\ListFilters.csproj", "{57930B34-7F12-4E8A-9CC0-56593FC4D354}"
EndProject
Project("{FAE04EC0-301F-11D3-BF4B-00C04F79EFBC}") = "ListPixelFormats", "samples\ListPixelFormats\ListPixelFormats.csproj", "{7A9A10DD-E728-4282-896A-2BD4D315F8CB}"
EndProject
Global
	GlobalSection(SolutionConfigurationPlatforms) = preSolution
		Debug|Any CPU = Debug|Any CPU
		Release|Any CPU = Release|Any CPU
	EndGlobalSection
	GlobalSection(ProjectConfigurationPlatforms) = postSolution
		{CBF2A3BB-13F0-433C-A7E0-1B005412ED9A}.Debug|Any CPU.ActiveCfg = Debug|Any CPU
		{CBF2A3BB-13F0-433C-A7E0-1B005412ED9A}.Debug|Any CPU.Build.0 = Debug|Any CPU
		{CBF2A3BB-13F0-433C-A7E0-1B005412ED9A}.Release|Any CPU.ActiveCfg = Release|Any CPU
		{CBF2A3BB-13F0-433C-A7E0-1B005412ED9A}.Release|Any CPU.Build.0 = Release|Any CPU
		{FBD47572-3A0F-4CF8-8D3C-EACE1AEF59C7}.Debug|Any CPU.ActiveCfg = Debug|Any CPU
		{FBD47572-3A0F-4CF8-8D3C-EACE1AEF59C7}.Debug|Any CPU.Build.0 = Debug|Any CPU
		{FBD47572-3A0F-4CF8-8D3C-EACE1AEF59C7}.Release|Any CPU.ActiveCfg = Release|Any CPU
		{FBD47572-3A0F-4CF8-8D3C-EACE1AEF59C7}.Release|Any CPU.Build.0 = Release|Any CPU
		{2945F278-2D26-43E6-89E6-768056FE6F88}.Debug|Any CPU.ActiveCfg = Debug|Any CPU
		{2945F278-2D26-43E6-89E6-768056FE6F88}.Debug|Any CPU.Build.0 = Debug|Any CPU
		{2945F278-2D26-43E6-89E6-768056FE6F88}.Release|Any CPU.ActiveCfg = Release|Any CPU
		{2945F278-2D26-43E6-89E6-768056FE6F88}.Release|Any CPU.Build.0 = Release|Any CPU
		{FFAF612B-A9FE-4F7D-858F-86861C7A8C45}.Debug|Any CPU.ActiveCfg = Debug|Any CPU
		{FFAF612B-A9FE-4F7D-858F-86861C7A8C45}.Debug|Any CPU.Build.0 = Debug|Any CPU
		{FFAF612B-A9FE-4F7D-858F-86861C7A8C45}.Release|Any CPU.ActiveCfg = Release|Any CPU
		{FFAF612B-A9FE-4F7D-858F-86861C7A8C45}.Release|Any CPU.Build.0 = Release|Any CPU
		{2FE0C5BA-14A6-4229-A9A6-F5C10FB39773}.Debug|Any CPU.ActiveCfg = Debug|Any CPU
		{2FE0C5BA-14A6-4229-A9A6-F5C10FB39773}.Debug|Any CPU.Build.0 = Debug|Any CPU
		{2FE0C5BA-14A6-4229-A9A6-F5C10FB39773}.Release|Any CPU.ActiveCfg = Release|Any CPU
		{2FE0C5BA-14A6-4229-A9A6-F5C10FB39773}.Release|Any CPU.Build.0 = Release|Any CPU
		{C559F0E5-481A-4D94-853C-2B88817847E6}.Debug|Any CPU.ActiveCfg = Debug|Any CPU
		{C559F0E5-481A-4D94-853C-2B88817847E6}.Debug|Any CPU.Build.0 = Debug|Any CPU
		{C559F0E5-481A-4D94-853C-2B88817847E6}.Release|Any CPU.ActiveCfg = Release|Any CPU
		{C559F0E5-481A-4D94-853C-2B88817847E6}.Release|Any CPU.Build.0 = Release|Any CPU
		{8E2AD2EE-C90C-4E03-B560-F73EC9CD1FE8}.Debug|Any CPU.ActiveCfg = Debug|Any CPU
		{8E2AD2EE-C90C-4E03-B560-F73EC9CD1FE8}.Debug|Any CPU.Build.0 = Debug|Any CPU
		{8E2AD2EE-C90C-4E03-B560-F73EC9CD1FE8}.Release|Any CPU.ActiveCfg = Release|Any CPU
		{8E2AD2EE-C90C-4E03-B560-F73EC9CD1FE8}.Release|Any CPU.Build.0 = Release|Any CPU
		{3D94F7EE-082B-4CD8-B374-DC390A4703BA}.Debug|Any CPU.ActiveCfg = Debug|Any CPU
		{3D94F7EE-082B-4CD8-B374-DC390A4703BA}.Debug|Any CPU.Build.0 = Debug|Any CPU
		{3D94F7EE-082B-4CD8-B374-DC390A4703BA}.Release|Any CPU.ActiveCfg = Release|Any CPU
		{3D94F7EE-082B-4CD8-B374-DC390A4703BA}.Release|Any CPU.Build.0 = Release|Any CPU
		{03CC338A-7554-4526-9DD8-16C6CB8EB2CF}.Debug|Any CPU.ActiveCfg = Debug|Any CPU
		{03CC338A-7554-4526-9DD8-16C6CB8EB2CF}.Debug|Any CPU.Build.0 = Debug|Any CPU
		{03CC338A-7554-4526-9DD8-16C6CB8EB2CF}.Release|Any CPU.ActiveCfg = Release|Any CPU
		{03CC338A-7554-4526-9DD8-16C6CB8EB2CF}.Release|Any CPU.Build.0 = Release|Any CPU
		{90AA34DA-9EAC-4792-8F17-8E035E5004D1}.Debug|Any CPU.ActiveCfg = Debug|Any CPU
		{90AA34DA-9EAC-4792-8F17-8E035E5004D1}.Debug|Any CPU.Build.0 = Debug|Any CPU
		{90AA34DA-9EAC-4792-8F17-8E035E5004D1}.Release|Any CPU.ActiveCfg = Release|Any CPU
		{90AA34DA-9EAC-4792-8F17-8E035E5004D1}.Release|Any CPU.Build.0 = Release|Any CPU
		{CED8CAD3-DD07-4548-AB69-A11458D4EB5F}.Debug|Any CPU.ActiveCfg = Debug|Any CPU
		{CED8CAD3-DD07-4548-AB69-A11458D4EB5F}.Debug|Any CPU.Build.0 = Debug|Any CPU
		{CED8CAD3-DD07-4548-AB69-A11458D4EB5F}.Release|Any CPU.ActiveCfg = Release|Any CPU
		{CED8CAD3-DD07-4548-AB69-A11458D4EB5F}.Release|Any CPU.Build.0 = Release|Any CPU
		{3F8E6576-8A7C-4DAE-A989-3230ADE90442}.Debug|Any CPU.ActiveCfg = Debug|Any CPU
		{3F8E6576-8A7C-4DAE-A989-3230ADE90442}.Debug|Any CPU.Build.0 = Debug|Any CPU
		{3F8E6576-8A7C-4DAE-A989-3230ADE90442}.Release|Any CPU.ActiveCfg = Release|Any CPU
		{3F8E6576-8A7C-4DAE-A989-3230ADE90442}.Release|Any CPU.Build.0 = Release|Any CPU
		{57930B34-7F12-4E8A-9CC0-56593FC4D354}.Debug|Any CPU.ActiveCfg = Debug|Any CPU
		{57930B34-7F12-4E8A-9CC0-56593FC4D354}.Debug|Any CPU.Build.0 = Debug|Any CPU
		{57930B34-7F12-4E8A-9CC0-56593FC4D354}.Release|Any CPU.ActiveCfg = Release|Any CPU
		{57930B34-7F12-4E8A-9CC0-56593FC4D354}.Release|Any CPU.Build.0 = Release|Any CPU
		{7A9A10DD-E728-4282-896A-2BD4D315F8CB}.Debug|Any CPU.ActiveCfg = Debug|Any CPU
		{7A9A10DD-E728-4282-896A-2BD4D315F8CB}.Debug|Any CPU.Build.0 = Debug|Any CPU
		{7A9A10DD-E728-4282-896A-2BD4D315F8CB}.Release|Any CPU.ActiveCfg = Release|Any CPU
		{7A9A10DD-E728-4282-896A-2BD4D315F8CB}.Release|Any CPU.Build.0 = Release|Any CPU
	EndGlobalSection
	GlobalSection(SolutionProperties) = preSolution
		HideSolutionNode = FALSE
	EndGlobalSection
	GlobalSection(NestedProjects) = preSolution
		{CBF2A3BB-13F0-433C-A7E0-1B005412ED9A} = {39FC87FE-AABB-4285-AEDE-92C45C2EB77D}
		{FBD47572-3A0F-4CF8-8D3C-EACE1AEF59C7} = {267891C3-BA27-4D4B-8905-8AF9CD7AE981}
		{85329D61-F0DF-4465-85E1-1BBFB86E6886} = {4F1374E9-7C3A-4CD5-BB37-2699BDAB1811}
		{3CA3C571-25D2-4740-8953-D43A0B973876} = {93FE71AD-EF75-4A94-8A58-B7CF474332AC}
		{A6DBB12C-6208-46CB-9747-0D9DA7E9E2A0} = {93FE71AD-EF75-4A94-8A58-B7CF474332AC}
		{63F39A45-C966-4BD5-AA2A-8A958F02463C} = {93FE71AD-EF75-4A94-8A58-B7CF474332AC}
		{4CA3B6E3-88C5-4FFB-9972-4A43D3029BF3} = {93FE71AD-EF75-4A94-8A58-B7CF474332AC}
		{106E0E0E-D838-42CC-8CC6-B1167D2C802F} = {93FE71AD-EF75-4A94-8A58-B7CF474332AC}
		{9356F58C-9980-4AC2-837B-ABFB174CA940} = {93FE71AD-EF75-4A94-8A58-B7CF474332AC}
		{4C3ED5D1-F67B-401C-AC50-A5FE6BF80F1E} = {93FE71AD-EF75-4A94-8A58-B7CF474332AC}
		{6C9D3093-9457-4A8B-8C76-34AE259A8800} = {93FE71AD-EF75-4A94-8A58-B7CF474332AC}
		{2945F278-2D26-43E6-89E6-768056FE6F88} = {39FC87FE-AABB-4285-AEDE-92C45C2EB77D}
		{FFAF612B-A9FE-4F7D-858F-86861C7A8C45} = {C041BE4A-319C-4A4B-9DD7-91A59C7FCC16}
		{2FE0C5BA-14A6-4229-A9A6-F5C10FB39773} = {C041BE4A-319C-4A4B-9DD7-91A59C7FCC16}
		{C559F0E5-481A-4D94-853C-2B88817847E6} = {C041BE4A-319C-4A4B-9DD7-91A59C7FCC16}
		{8E2AD2EE-C90C-4E03-B560-F73EC9CD1FE8} = {C041BE4A-319C-4A4B-9DD7-91A59C7FCC16}
		{3D94F7EE-082B-4CD8-B374-DC390A4703BA} = {C041BE4A-319C-4A4B-9DD7-91A59C7FCC16}
		{03CC338A-7554-4526-9DD8-16C6CB8EB2CF} = {C041BE4A-319C-4A4B-9DD7-91A59C7FCC16}
		{90AA34DA-9EAC-4792-8F17-8E035E5004D1} = {C041BE4A-319C-4A4B-9DD7-91A59C7FCC16}
		{CED8CAD3-DD07-4548-AB69-A11458D4EB5F} = {C041BE4A-319C-4A4B-9DD7-91A59C7FCC16}
		{3F8E6576-8A7C-4DAE-A989-3230ADE90442} = {C041BE4A-319C-4A4B-9DD7-91A59C7FCC16}
		{57930B34-7F12-4E8A-9CC0-56593FC4D354} = {C041BE4A-319C-4A4B-9DD7-91A59C7FCC16}
		{7A9A10DD-E728-4282-896A-2BD4D315F8CB} = {C041BE4A-319C-4A4B-9DD7-91A59C7FCC16}
	EndGlobalSection
	GlobalSection(ExtensibilityGlobals) = postSolution
		SolutionGuid = {2DE946DB-0256-49EC-A290-9C2E96A609D9}
	EndGlobalSection
EndGlobal
